
Microsoft Visual Studio Solution File, Format Version 12.00
# Visual Studio Version 17
VisualStudioVersion = 17.8.34511.84
MinimumVisualStudioVersion = 10.0.40219.1
Project("{FAE04EC0-301F-11D3-BF4B-00C04F79EFBC}") = "Template", "Template.csproj", "{5DC17883-031A-4B17-8D21-CB0E577A8DDB}"
EndProject
Global
	GlobalSection(SolutionConfigurationPlatforms) = preSolution
		Debug|Any CPU = Debug|Any CPU
		Release|Any CPU = Release|Any CPU
	EndGlobalSection
	GlobalSection(ProjectConfigurationPlatforms) = postSolution
		{5DC17883-031A-4B17-8D21-CB0E577A8DDB}.Debug|Any CPU.ActiveCfg = Debug|Any CPU
		{5DC17883-031A-4B17-8D21-CB0E577A8DDB}.Debug|Any CPU.Build.0 = Debug|Any CPU
		{5DC17883-031A-4B17-8D21-CB0E577A8DDB}.Release|Any CPU.ActiveCfg = Release|Any CPU
		{5DC17883-031A-4B17-8D21-CB0E577A8DDB}.Release|Any CPU.Build.0 = Release|Any CPU
	EndGlobalSection
	GlobalSection(SolutionProperties) = preSolution
		HideSolutionNode = FALSE
	EndGlobalSection
	GlobalSection(ExtensibilityGlobals) = postSolution
		SolutionGuid = {C67B8ECA-50AD-4635-95D7-4385B8199B12}
	EndGlobalSection
EndGlobal
