
Microsoft Visual Studio Solution File, Format Version 12.00
# Visual Studio Version 17
VisualStudioVersion = 17.11.35219.272
MinimumVisualStudioVersion = 10.0.40219.1
Project("{9A19103F-16F7-4668-BE54-9A1E7A4F7556}") = "FRONTEND_TEMPLATE", "FRONTEND_TEMPLATE.csproj", "{71A7F9B1-DF3E-473E-A655-03385BEAA3DB}"
EndProject
Global
	GlobalSection(SolutionConfigurationPlatforms) = preSolution
		Debug|Any CPU = Debug|Any CPU
		Release|Any CPU = Release|Any CPU
	EndGlobalSection
	GlobalSection(ProjectConfigurationPlatforms) = postSolution
		{71A7F9B1-DF3E-473E-A655-03385BEAA3DB}.Debug|Any CPU.ActiveCfg = Debug|Any CPU
		{71A7F9B1-DF3E-473E-A655-03385BEAA3DB}.Debug|Any CPU.Build.0 = Debug|Any CPU
		{71A7F9B1-DF3E-473E-A655-03385BEAA3DB}.Release|Any CPU.ActiveCfg = Release|Any CPU
		{71A7F9B1-DF3E-473E-A655-03385BEAA3DB}.Release|Any CPU.Build.0 = Release|Any CPU
	EndGlobalSection
	GlobalSection(SolutionProperties) = preSolution
		HideSolutionNode = FALSE
	EndGlobalSection
	GlobalSection(ExtensibilityGlobals) = postSolution
		SolutionGuid = {26D504D6-AD76-47C4-B977-E0687E7E262A}
	EndGlobalSection
EndGlobal
